
Microsoft Visual Studio Solution File, Format Version 12.00
# Visual Studio Version 16
VisualStudioVersion = 16.0.30503.244
MinimumVisualStudioVersion = 10.0.40219.1
Project("{9A19103F-16F7-4668-BE54-9A1E7A4F7556}") = "mrkdoc", "mrkdoc.csproj", "{BDB98086-8E70-4C76-935E-0E780B3D71CA}"
EndProject
Global
	GlobalSection(SolutionConfigurationPlatforms) = preSolution
		Debug|Any CPU = Debug|Any CPU
		Release|Any CPU = Release|Any CPU
	EndGlobalSection
	GlobalSection(ProjectConfigurationPlatforms) = postSolution
		{BDB98086-8E70-4C76-935E-0E780B3D71CA}.Debug|Any CPU.ActiveCfg = Debug|Any CPU
		{BDB98086-8E70-4C76-935E-0E780B3D71CA}.Debug|Any CPU.Build.0 = Debug|Any CPU
		{BDB98086-8E70-4C76-935E-0E780B3D71CA}.Release|Any CPU.ActiveCfg = Release|Any CPU
		{BDB98086-8E70-4C76-935E-0E780B3D71CA}.Release|Any CPU.Build.0 = Release|Any CPU
	EndGlobalSection
	GlobalSection(SolutionProperties) = preSolution
		HideSolutionNode = FALSE
	EndGlobalSection
	GlobalSection(ExtensibilityGlobals) = postSolution
		SolutionGuid = {11C776DF-F314-42BE-94B9-38AF5A091EBC}
	EndGlobalSection
EndGlobal
